
Microsoft Visual Studio Solution File, Format Version 12.00
# Visual Studio Version 17
VisualStudioVersion = 17.14.36202.13 d17.14
MinimumVisualStudioVersion = 10.0.40219.1
Project("{FAE04EC0-301F-11D3-BF4B-00C04F79EFBC}") = "BinaryTree", "BinaryTree\BinaryTree.csproj", "{1481D264-FC14-4C4D-9EA9-24B241D06E3F}"
EndProject
Global
	GlobalSection(SolutionConfigurationPlatforms) = preSolution
		Debug|Any CPU = Debug|Any CPU
		Release|Any CPU = Release|Any CPU
	EndGlobalSection
	GlobalSection(ProjectConfigurationPlatforms) = postSolution
		{1481D264-FC14-4C4D-9EA9-24B241D06E3F}.Debug|Any CPU.ActiveCfg = Debug|Any CPU
		{1481D264-FC14-4C4D-9EA9-24B241D06E3F}.Debug|Any CPU.Build.0 = Debug|Any CPU
		{1481D264-FC14-4C4D-9EA9-24B241D06E3F}.Release|Any CPU.ActiveCfg = Release|Any CPU
		{1481D264-FC14-4C4D-9EA9-24B241D06E3F}.Release|Any CPU.Build.0 = Release|Any CPU
	EndGlobalSection
	GlobalSection(SolutionProperties) = preSolution
		HideSolutionNode = FALSE
	EndGlobalSection
	GlobalSection(ExtensibilityGlobals) = postSolution
		SolutionGuid = {A8A136E2-B0DD-4EDD-9AD6-A71BE4F2B9C0}
	EndGlobalSection
EndGlobal
